
Microsoft Visual Studio Solution File, Format Version 12.00
# Visual Studio Version 17
VisualStudioVersion = 17.9.34607.119
MinimumVisualStudioVersion = 10.0.40219.1
Project("{FAE04EC0-301F-11D3-BF4B-00C04F79EFBC}") = "ContactsManager", "ContactsManager\ContactsManager.csproj", "{4159F270-36C3-465F-9E0B-4B4E8B7B0B08}"
EndProject
Global
	GlobalSection(SolutionConfigurationPlatforms) = preSolution
		Debug|Any CPU = Debug|Any CPU
		Release|Any CPU = Release|Any CPU
	EndGlobalSection
	GlobalSection(ProjectConfigurationPlatforms) = postSolution
		{4159F270-36C3-465F-9E0B-4B4E8B7B0B08}.Debug|Any CPU.ActiveCfg = Debug|Any CPU
		{4159F270-36C3-465F-9E0B-4B4E8B7B0B08}.Debug|Any CPU.Build.0 = Debug|Any CPU
		{4159F270-36C3-465F-9E0B-4B4E8B7B0B08}.Debug|Any CPU.Deploy.0 = Debug|Any CPU
		{4159F270-36C3-465F-9E0B-4B4E8B7B0B08}.Release|Any CPU.ActiveCfg = Release|Any CPU
		{4159F270-36C3-465F-9E0B-4B4E8B7B0B08}.Release|Any CPU.Build.0 = Release|Any CPU
		{4159F270-36C3-465F-9E0B-4B4E8B7B0B08}.Release|Any CPU.Deploy.0 = Release|Any CPU
	EndGlobalSection
	GlobalSection(SolutionProperties) = preSolution
		HideSolutionNode = FALSE
	EndGlobalSection
	GlobalSection(ExtensibilityGlobals) = postSolution
		SolutionGuid = {5BB3D434-213C-4066-AB5B-C344DE0AB7F3}
	EndGlobalSection
EndGlobal
